// !$*UTF8*$!
{
	archiveVersion = 1;
	classes = {
	};
	objectVersion = 56;
	objects = {

/* Begin PBXBuildFile section */
		F7DCBA792B56B75D0001B60B /* PharmacyListView.swift in Sources */ = {isa = PBXBuildFile; fileRef = F7DCBA782B56B75D0001B60B /* PharmacyListView.swift */; };
		F7DCBA7B2B56B83A0001B60B /* PharmacyCellView.swift in Sources */ = {isa = PBXBuildFile; fileRef = F7DCBA7A2B56B83A0001B60B /* PharmacyCellView.swift */; };
		F7DCBA7D2B56B9350001B60B /* GetDate.swift in Sources */ = {isa = PBXBuildFile; fileRef = F7DCBA7C2B56B9350001B60B /* GetDate.swift */; };
		F7DCBA7F2B56BAE60001B60B /* PharmacyDetailView.swift in Sources */ = {isa = PBXBuildFile; fileRef = F7DCBA7E2B56BAE60001B60B /* PharmacyDetailView.swift */; };
		F7DCBA822B56BFB20001B60B /* EarthquakeListView.swift in Sources */ = {isa = PBXBuildFile; fileRef = F7DCBA812B56BFB20001B60B /* EarthquakeListView.swift */; };
		F7DCBA842B56C04B0001B60B /* EarthquakeCellView.swift in Sources */ = {isa = PBXBuildFile; fileRef = F7DCBA832B56C04B0001B60B /* EarthquakeCellView.swift */; };
		F7DCBA872B56C2940001B60B /* EmergencyNumberListView.swift in Sources */ = {isa = PBXBuildFile; fileRef = F7DCBA862B56C2940001B60B /* EmergencyNumberListView.swift */; };
		F7DCBA8A2B56C3F50001B60B /* BusinessRequest.swift in Sources */ = {isa = PBXBuildFile; fileRef = F7DCBA892B56C3F50001B60B /* BusinessRequest.swift */; };
		F7EAE97A2B568F5500A379E5 /* MalatyaLifeApp.swift in Sources */ = {isa = PBXBuildFile; fileRef = F7EAE9792B568F5500A379E5 /* MalatyaLifeApp.swift */; };
		F7EAE97C2B568F5500A379E5 /* ContentView.swift in Sources */ = {isa = PBXBuildFile; fileRef = F7EAE97B2B568F5500A379E5 /* ContentView.swift */; };
		F7EAE97E2B568F5600A379E5 /* Assets.xcassets in Resources */ = {isa = PBXBuildFile; fileRef = F7EAE97D2B568F5600A379E5 /* Assets.xcassets */; };
		F7EAE9812B568F5600A379E5 /* Preview Assets.xcassets in Resources */ = {isa = PBXBuildFile; fileRef = F7EAE9802B568F5600A379E5 /* Preview Assets.xcassets */; };
		F7EAE9952B5691EB00A379E5 /* MainTabView.swift in Sources */ = {isa = PBXBuildFile; fileRef = F7EAE9942B5691EB00A379E5 /* MainTabView.swift */; };
		F7EAE9972B56953F00A379E5 /* MoreView.swift in Sources */ = {isa = PBXBuildFile; fileRef = F7EAE9962B56953F00A379E5 /* MoreView.swift */; };
		F7EAE9992B5697C200A379E5 /* SearchView.swift in Sources */ = {isa = PBXBuildFile; fileRef = F7EAE9982B5697C200A379E5 /* SearchView.swift */; };
		F7EAE99C2B56990200A379E5 /* EventsView.swift in Sources */ = {isa = PBXBuildFile; fileRef = F7EAE99B2B56990200A379E5 /* EventsView.swift */; };
		F7EAE99E2B569AD300A379E5 /* ExploreView.swift in Sources */ = {isa = PBXBuildFile; fileRef = F7EAE99D2B569AD300A379E5 /* ExploreView.swift */; };
/* End PBXBuildFile section */

/* Begin PBXFileReference section */
		F7DCBA782B56B75D0001B60B /* PharmacyListView.swift */ = {isa = PBXFileReference; lastKnownFileType = sourcecode.swift; path = PharmacyListView.swift; sourceTree = "<group>"; };
		F7DCBA7A2B56B83A0001B60B /* PharmacyCellView.swift */ = {isa = PBXFileReference; lastKnownFileType = sourcecode.swift; path = PharmacyCellView.swift; sourceTree = "<group>"; };
		F7DCBA7C2B56B9350001B60B /* GetDate.swift */ = {isa = PBXFileReference; lastKnownFileType = sourcecode.swift; path = GetDate.swift; sourceTree = "<group>"; };
		F7DCBA7E2B56BAE60001B60B /* PharmacyDetailView.swift */ = {isa = PBXFileReference; lastKnownFileType = sourcecode.swift; path = PharmacyDetailView.swift; sourceTree = "<group>"; };
		F7DCBA812B56BFB20001B60B /* EarthquakeListView.swift */ = {isa = PBXFileReference; lastKnownFileType = sourcecode.swift; path = EarthquakeListView.swift; sourceTree = "<group>"; };
		F7DCBA832B56C04B0001B60B /* EarthquakeCellView.swift */ = {isa = PBXFileReference; lastKnownFileType = sourcecode.swift; path = EarthquakeCellView.swift; sourceTree = "<group>"; };
		F7DCBA862B56C2940001B60B /* EmergencyNumberListView.swift */ = {isa = PBXFileReference; lastKnownFileType = sourcecode.swift; path = EmergencyNumberListView.swift; sourceTree = "<group>"; };
		F7DCBA892B56C3F50001B60B /* BusinessRequest.swift */ = {isa = PBXFileReference; lastKnownFileType = sourcecode.swift; path = BusinessRequest.swift; sourceTree = "<group>"; };
		F7EAE9762B568F5500A379E5 /* MalatyaLife.app */ = {isa = PBXFileReference; explicitFileType = wrapper.application; includeInIndex = 0; path = MalatyaLife.app; sourceTree = BUILT_PRODUCTS_DIR; };
		F7EAE9792B568F5500A379E5 /* MalatyaLifeApp.swift */ = {isa = PBXFileReference; lastKnownFileType = sourcecode.swift; path = MalatyaLifeApp.swift; sourceTree = "<group>"; };
		F7EAE97B2B568F5500A379E5 /* ContentView.swift */ = {isa = PBXFileReference; lastKnownFileType = sourcecode.swift; path = ContentView.swift; sourceTree = "<group>"; };
		F7EAE97D2B568F5600A379E5 /* Assets.xcassets */ = {isa = PBXFileReference; lastKnownFileType = folder.assetcatalog; path = Assets.xcassets; sourceTree = "<group>"; };
		F7EAE9802B568F5600A379E5 /* Preview Assets.xcassets */ = {isa = PBXFileReference; lastKnownFileType = folder.assetcatalog; path = "Preview Assets.xcassets"; sourceTree = "<group>"; };
		F7EAE9942B5691EB00A379E5 /* MainTabView.swift */ = {isa = PBXFileReference; lastKnownFileType = sourcecode.swift; path = MainTabView.swift; sourceTree = "<group>"; };
		F7EAE9962B56953F00A379E5 /* MoreView.swift */ = {isa = PBXFileReference; lastKnownFileType = sourcecode.swift; path = MoreView.swift; sourceTree = "<group>"; };
		F7EAE9982B5697C200A379E5 /* SearchView.swift */ = {isa = PBXFileReference; lastKnownFileType = sourcecode.swift; path = SearchView.swift; sourceTree = "<group>"; };
		F7EAE99B2B56990200A379E5 /* EventsView.swift */ = {isa = PBXFileReference; lastKnownFileType = sourcecode.swift; path = EventsView.swift; sourceTree = "<group>"; };
		F7EAE99D2B569AD300A379E5 /* ExploreView.swift */ = {isa = PBXFileReference; lastKnownFileType = sourcecode.swift; path = ExploreView.swift; sourceTree = "<group>"; };
/* End PBXFileReference section */

/* Begin PBXFrameworksBuildPhase section */
		F7EAE9732B568F5500A379E5 /* Frameworks */ = {
			isa = PBXFrameworksBuildPhase;
			buildActionMask = 2147483647;
			files = (
			);
			runOnlyForDeploymentPostprocessing = 0;
		};
/* End PBXFrameworksBuildPhase section */

/* Begin PBXGroup section */
		F7DCBA772B56B74D0001B60B /* Pharmacy */ = {
			isa = PBXGroup;
			children = (
				F7DCBA7E2B56BAE60001B60B /* PharmacyDetailView.swift */,
				F7DCBA782B56B75D0001B60B /* PharmacyListView.swift */,
				F7DCBA7A2B56B83A0001B60B /* PharmacyCellView.swift */,
			);
			path = Pharmacy;
			sourceTree = "<group>";
		};
		F7DCBA802B56BF7F0001B60B /* Earhquake */ = {
			isa = PBXGroup;
			children = (
				F7DCBA812B56BFB20001B60B /* EarthquakeListView.swift */,
				F7DCBA832B56C04B0001B60B /* EarthquakeCellView.swift */,
			);
			path = Earhquake;
			sourceTree = "<group>";
		};
		F7DCBA852B56C2710001B60B /* Emergency */ = {
			isa = PBXGroup;
			children = (
				F7DCBA862B56C2940001B60B /* EmergencyNumberListView.swift */,
			);
			path = Emergency;
			sourceTree = "<group>";
		};
		F7DCBA882B56C3DE0001B60B /* Business */ = {
			isa = PBXGroup;
			children = (
				F7DCBA892B56C3F50001B60B /* BusinessRequest.swift */,
			);
			path = Business;
			sourceTree = "<group>";
		};
		F7EAE96D2B568F5400A379E5 = {
			isa = PBXGroup;
			children = (
				F7EAE9782B568F5500A379E5 /* MalatyaLife */,
				F7EAE9772B568F5500A379E5 /* Products */,
			);
			sourceTree = "<group>";
		};
		F7EAE9772B568F5500A379E5 /* Products */ = {
			isa = PBXGroup;
			children = (
				F7EAE9762B568F5500A379E5 /* MalatyaLife.app */,
			);
			name = Products;
			sourceTree = "<group>";
		};
		F7EAE9782B568F5500A379E5 /* MalatyaLife */ = {
			isa = PBXGroup;
			children = (
				F7EAE98A2B56909B00A379E5 /* App */,
				F7EAE98B2B56909F00A379E5 /* Core */,
				F7EAE9882B56909800A379E5 /* Extensions */,
				F7EAE9892B56909900A379E5 /* Model */,
				F7EAE9872B56909500A379E5 /* Services */,
				F7EAE98C2B5690F000A379E5 /* Utils */,
				F7EAE97D2B568F5600A379E5 /* Assets.xcassets */,
				F7EAE97F2B568F5600A379E5 /* Preview Content */,
			);
			path = MalatyaLife;
			sourceTree = "<group>";
		};
		F7EAE97F2B568F5600A379E5 /* Preview Content */ = {
			isa = PBXGroup;
			children = (
				F7EAE9802B568F5600A379E5 /* Preview Assets.xcassets */,
			);
			path = "Preview Content";
			sourceTree = "<group>";
		};
		F7EAE9872B56909500A379E5 /* Services */ = {
			isa = PBXGroup;
			children = (
			);
			path = Services;
			sourceTree = "<group>";
		};
		F7EAE9882B56909800A379E5 /* Extensions */ = {
			isa = PBXGroup;
			children = (
				F7DCBA7C2B56B9350001B60B /* GetDate.swift */,
			);
			path = Extensions;
			sourceTree = "<group>";
		};
		F7EAE9892B56909900A379E5 /* Model */ = {
			isa = PBXGroup;
			children = (
			);
			path = Model;
			sourceTree = "<group>";
		};
		F7EAE98A2B56909B00A379E5 /* App */ = {
			isa = PBXGroup;
			children = (
				F7EAE9792B568F5500A379E5 /* MalatyaLifeApp.swift */,
			);
			path = App;
			sourceTree = "<group>";
		};
		F7EAE98B2B56909F00A379E5 /* Core */ = {
			isa = PBXGroup;
			children = (
				F7EAE99A2B5698F800A379E5 /* Event */,
				F7EAE9902B56913900A379E5 /* Explore */,
				F7EAE9922B56918B00A379E5 /* More */,
				F7EAE9912B56916C00A379E5 /* Root */,
				F7EAE98E2B56911B00A379E5 /* Search */,
				F7EAE9932B5691BC00A379E5 /* TabBar */,
			);
			path = Core;
			sourceTree = "<group>";
		};
		F7EAE98C2B5690F000A379E5 /* Utils */ = {
			isa = PBXGroup;
			children = (
			);
			path = Utils;
			sourceTree = "<group>";
		};
		F7EAE98E2B56911B00A379E5 /* Search */ = {
			isa = PBXGroup;
			children = (
				F7EAE9982B5697C200A379E5 /* SearchView.swift */,
			);
			path = Search;
			sourceTree = "<group>";
		};
		F7EAE9902B56913900A379E5 /* Explore */ = {
			isa = PBXGroup;
			children = (
				F7EAE99D2B569AD300A379E5 /* ExploreView.swift */,
			);
			path = Explore;
			sourceTree = "<group>";
		};
		F7EAE9912B56916C00A379E5 /* Root */ = {
			isa = PBXGroup;
			children = (
				F7EAE97B2B568F5500A379E5 /* ContentView.swift */,
			);
			path = Root;
			sourceTree = "<group>";
		};
		F7EAE9922B56918B00A379E5 /* More */ = {
			isa = PBXGroup;
			children = (
				F7DCBA882B56C3DE0001B60B /* Business */,
				F7DCBA852B56C2710001B60B /* Emergency */,
				F7DCBA802B56BF7F0001B60B /* Earhquake */,
				F7DCBA772B56B74D0001B60B /* Pharmacy */,
				F7EAE9962B56953F00A379E5 /* MoreView.swift */,
			);
			path = More;
			sourceTree = "<group>";
		};
		F7EAE9932B5691BC00A379E5 /* TabBar */ = {
			isa = PBXGroup;
			children = (
				F7EAE9942B5691EB00A379E5 /* MainTabView.swift */,
			);
			path = TabBar;
			sourceTree = "<group>";
		};
		F7EAE99A2B5698F800A379E5 /* Event */ = {
			isa = PBXGroup;
			children = (
				F7EAE99B2B56990200A379E5 /* EventsView.swift */,
			);
			path = Event;
			sourceTree = "<group>";
		};
/* End PBXGroup section */

/* Begin PBXNativeTarget section */
		F7EAE9752B568F5500A379E5 /* MalatyaLife */ = {
			isa = PBXNativeTarget;
			buildConfigurationList = F7EAE9842B568F5600A379E5 /* Build configuration list for PBXNativeTarget "MalatyaLife" */;
			buildPhases = (
				F7EAE9722B568F5500A379E5 /* Sources */,
				F7EAE9732B568F5500A379E5 /* Frameworks */,
				F7EAE9742B568F5500A379E5 /* Resources */,
			);
			buildRules = (
			);
			dependencies = (
			);
			name = MalatyaLife;
			productName = MalatyaLife;
			productReference = F7EAE9762B568F5500A379E5 /* MalatyaLife.app */;
			productType = "com.apple.product-type.application";
		};
/* End PBXNativeTarget section */

/* Begin PBXProject section */
		F7EAE96E2B568F5500A379E5 /* Project object */ = {
			isa = PBXProject;
			attributes = {
				BuildIndependentTargetsInParallel = 1;
				LastSwiftUpdateCheck = 1520;
				LastUpgradeCheck = 1520;
				TargetAttributes = {
					F7EAE9752B568F5500A379E5 = {
						CreatedOnToolsVersion = 15.2;
					};
				};
			};
			buildConfigurationList = F7EAE9712B568F5500A379E5 /* Build configuration list for PBXProject "MalatyaLife" */;
			compatibilityVersion = "Xcode 14.0";
			developmentRegion = tr;
			hasScannedForEncodings = 0;
			knownRegions = (
				Base,
				tr,
			);
			mainGroup = F7EAE96D2B568F5400A379E5;
			productRefGroup = F7EAE9772B568F5500A379E5 /* Products */;
			projectDirPath = "";
			projectRoot = "";
			targets = (
				F7EAE9752B568F5500A379E5 /* MalatyaLife */,
			);
		};
/* End PBXProject section */

/* Begin PBXResourcesBuildPhase section */
		F7EAE9742B568F5500A379E5 /* Resources */ = {
			isa = PBXResourcesBuildPhase;
			buildActionMask = 2147483647;
			files = (
				F7EAE9812B568F5600A379E5 /* Preview Assets.xcassets in Resources */,
				F7EAE97E2B568F5600A379E5 /* Assets.xcassets in Resources */,
			);
			runOnlyForDeploymentPostprocessing = 0;
		};
/* End PBXResourcesBuildPhase section */

/* Begin PBXSourcesBuildPhase section */
		F7EAE9722B568F5500A379E5 /* Sources */ = {
			isa = PBXSourcesBuildPhase;
			buildActionMask = 2147483647;
			files = (
				F7EAE99E2B569AD300A379E5 /* ExploreView.swift in Sources */,
				F7DCBA822B56BFB20001B60B /* EarthquakeListView.swift in Sources */,
				F7DCBA842B56C04B0001B60B /* EarthquakeCellView.swift in Sources */,
				F7EAE9992B5697C200A379E5 /* SearchView.swift in Sources */,
				F7DCBA7F2B56BAE60001B60B /* PharmacyDetailView.swift in Sources */,
				F7EAE97C2B568F5500A379E5 /* ContentView.swift in Sources */,
				F7EAE97A2B568F5500A379E5 /* MalatyaLifeApp.swift in Sources */,
				F7EAE99C2B56990200A379E5 /* EventsView.swift in Sources */,
				F7DCBA792B56B75D0001B60B /* PharmacyListView.swift in Sources */,
				F7EAE9952B5691EB00A379E5 /* MainTabView.swift in Sources */,
				F7EAE9972B56953F00A379E5 /* MoreView.swift in Sources */,
				F7DCBA872B56C2940001B60B /* EmergencyNumberListView.swift in Sources */,
				F7DCBA8A2B56C3F50001B60B /* BusinessRequest.swift in Sources */,
				F7DCBA7D2B56B9350001B60B /* GetDate.swift in Sources */,
				F7DCBA7B2B56B83A0001B60B /* PharmacyCellView.swift in Sources */,
			);
			runOnlyForDeploymentPostprocessing = 0;
		};
/* End PBXSourcesBuildPhase section */

/* Begin XCBuildConfiguration section */
		F7EAE9822B568F5600A379E5 /* Debug */ = {
			isa = XCBuildConfiguration;
			buildSettings = {
				ALWAYS_SEARCH_USER_PATHS = NO;
				ASSETCATALOG_COMPILER_GENERATE_SWIFT_ASSET_SYMBOL_EXTENSIONS = YES;
				CLANG_ANALYZER_NONNULL = YES;
				CLANG_ANALYZER_NUMBER_OBJECT_CONVERSION = YES_AGGRESSIVE;
				CLANG_CXX_LANGUAGE_STANDARD = "gnu++20";
				CLANG_ENABLE_MODULES = YES;
				CLANG_ENABLE_OBJC_ARC = YES;
				CLANG_ENABLE_OBJC_WEAK = YES;
				CLANG_WARN_BLOCK_CAPTURE_AUTORELEASING = YES;
				CLANG_WARN_BOOL_CONVERSION = YES;
				CLANG_WARN_COMMA = YES;
				CLANG_WARN_CONSTANT_CONVERSION = YES;
				CLANG_WARN_DEPRECATED_OBJC_IMPLEMENTATIONS = YES;
				CLANG_WARN_DIRECT_OBJC_ISA_USAGE = YES_ERROR;
				CLANG_WARN_DOCUMENTATION_COMMENTS = YES;
				CLANG_WARN_EMPTY_BODY = YES;
				CLANG_WARN_ENUM_CONVERSION = YES;
				CLANG_WARN_INFINITE_RECURSION = YES;
				CLANG_WARN_INT_CONVERSION = YES;
				CLANG_WARN_NON_LITERAL_NULL_CONVERSION = YES;
				CLANG_WARN_OBJC_IMPLICIT_RETAIN_SELF = YES;
				CLANG_WARN_OBJC_LITERAL_CONVERSION = YES;
				CLANG_WARN_OBJC_ROOT_CLASS = YES_ERROR;
				CLANG_WARN_QUOTED_INCLUDE_IN_FRAMEWORK_HEADER = YES;
				CLANG_WARN_RANGE_LOOP_ANALYSIS = YES;
				CLANG_WARN_STRICT_PROTOTYPES = YES;
				CLANG_WARN_SUSPICIOUS_MOVE = YES;
				CLANG_WARN_UNGUARDED_AVAILABILITY = YES_AGGRESSIVE;
				CLANG_WARN_UNREACHABLE_CODE = YES;
				CLANG_WARN__DUPLICATE_METHOD_MATCH = YES;
				COPY_PHASE_STRIP = NO;
				DEBUG_INFORMATION_FORMAT = dwarf;
				ENABLE_STRICT_OBJC_MSGSEND = YES;
				ENABLE_TESTABILITY = YES;
				ENABLE_USER_SCRIPT_SANDBOXING = YES;
				GCC_C_LANGUAGE_STANDARD = gnu17;
				GCC_DYNAMIC_NO_PIC = NO;
				GCC_NO_COMMON_BLOCKS = YES;
				GCC_OPTIMIZATION_LEVEL = 0;
				GCC_PREPROCESSOR_DEFINITIONS = (
					"DEBUG=1",
					"$(inherited)",
				);
				GCC_WARN_64_TO_32_BIT_CONVERSION = YES;
				GCC_WARN_ABOUT_RETURN_TYPE = YES_ERROR;
				GCC_WARN_UNDECLARED_SELECTOR = YES;
				GCC_WARN_UNINITIALIZED_AUTOS = YES_AGGRESSIVE;
				GCC_WARN_UNUSED_FUNCTION = YES;
				GCC_WARN_UNUSED_VARIABLE = YES;
				IPHONEOS_DEPLOYMENT_TARGET = 17.2;
				LOCALIZATION_PREFERS_STRING_CATALOGS = YES;
				MTL_ENABLE_DEBUG_INFO = INCLUDE_SOURCE;
				MTL_FAST_MATH = YES;
				ONLY_ACTIVE_ARCH = YES;
				SDKROOT = iphoneos;
				SWIFT_ACTIVE_COMPILATION_CONDITIONS = "DEBUG $(inherited)";
				SWIFT_OPTIMIZATION_LEVEL = "-Onone";
			};
			name = Debug;
		};
		F7EAE9832B568F5600A379E5 /* Release */ = {
			isa = XCBuildConfiguration;
			buildSettings = {
				ALWAYS_SEARCH_USER_PATHS = NO;
				ASSETCATALOG_COMPILER_GENERATE_SWIFT_ASSET_SYMBOL_EXTENSIONS = YES;
				CLANG_ANALYZER_NONNULL = YES;
				CLANG_ANALYZER_NUMBER_OBJECT_CONVERSION = YES_AGGRESSIVE;
				CLANG_CXX_LANGUAGE_STANDARD = "gnu++20";
				CLANG_ENABLE_MODULES = YES;
				CLANG_ENABLE_OBJC_ARC = YES;
				CLANG_ENABLE_OBJC_WEAK = YES;
				CLANG_WARN_BLOCK_CAPTURE_AUTORELEASING = YES;
				CLANG_WARN_BOOL_CONVERSION = YES;
				CLANG_WARN_COMMA = YES;
				CLANG_WARN_CONSTANT_CONVERSION = YES;
				CLANG_WARN_DEPRECATED_OBJC_IMPLEMENTATIONS = YES;
				CLANG_WARN_DIRECT_OBJC_ISA_USAGE = YES_ERROR;
				CLANG_WARN_DOCUMENTATION_COMMENTS = YES;
				CLANG_WARN_EMPTY_BODY = YES;
				CLANG_WARN_ENUM_CONVERSION = YES;
				CLANG_WARN_INFINITE_RECURSION = YES;
				CLANG_WARN_INT_CONVERSION = YES;
				CLANG_WARN_NON_LITERAL_NULL_CONVERSION = YES;
				CLANG_WARN_OBJC_IMPLICIT_RETAIN_SELF = YES;
				CLANG_WARN_OBJC_LITERAL_CONVERSION = YES;
				CLANG_WARN_OBJC_ROOT_CLASS = YES_ERROR;
				CLANG_WARN_QUOTED_INCLUDE_IN_FRAMEWORK_HEADER = YES;
				CLANG_WARN_RANGE_LOOP_ANALYSIS = YES;
				CLANG_WARN_STRICT_PROTOTYPES = YES;
				CLANG_WARN_SUSPICIOUS_MOVE = YES;
				CLANG_WARN_UNGUARDED_AVAILABILITY = YES_AGGRESSIVE;
				CLANG_WARN_UNREACHABLE_CODE = YES;
				CLANG_WARN__DUPLICATE_METHOD_MATCH = YES;
				COPY_PHASE_STRIP = NO;
				DEBUG_INFORMATION_FORMAT = "dwarf-with-dsym";
				ENABLE_NS_ASSERTIONS = NO;
				ENABLE_STRICT_OBJC_MSGSEND = YES;
				ENABLE_USER_SCRIPT_SANDBOXING = YES;
				GCC_C_LANGUAGE_STANDARD = gnu17;
				GCC_NO_COMMON_BLOCKS = YES;
				GCC_WARN_64_TO_32_BIT_CONVERSION = YES;
				GCC_WARN_ABOUT_RETURN_TYPE = YES_ERROR;
				GCC_WARN_UNDECLARED_SELECTOR = YES;
				GCC_WARN_UNINITIALIZED_AUTOS = YES_AGGRESSIVE;
				GCC_WARN_UNUSED_FUNCTION = YES;
				GCC_WARN_UNUSED_VARIABLE = YES;
				IPHONEOS_DEPLOYMENT_TARGET = 17.2;
				LOCALIZATION_PREFERS_STRING_CATALOGS = YES;
				MTL_ENABLE_DEBUG_INFO = NO;
				MTL_FAST_MATH = YES;
				SDKROOT = iphoneos;
				SWIFT_COMPILATION_MODE = wholemodule;
				VALIDATE_PRODUCT = YES;
			};
			name = Release;
		};
		F7EAE9852B568F5600A379E5 /* Debug */ = {
			isa = XCBuildConfiguration;
			buildSettings = {
				ASSETCATALOG_COMPILER_APPICON_NAME = AppIcon;
				ASSETCATALOG_COMPILER_GLOBAL_ACCENT_COLOR_NAME = AccentColor;
				CODE_SIGN_STYLE = Automatic;
				CURRENT_PROJECT_VERSION = 1;
				DEVELOPMENT_ASSET_PATHS = "\"MalatyaLife/Preview Content\"";
				DEVELOPMENT_TEAM = W566XABWZV;
				ENABLE_PREVIEWS = YES;
				GENERATE_INFOPLIST_FILE = YES;
				INFOPLIST_KEY_CFBundleDisplayName = "Malatya Life";
				INFOPLIST_KEY_LSApplicationCategoryType = "public.app-category.lifestyle";
				INFOPLIST_KEY_UIApplicationSceneManifest_Generation = YES;
				INFOPLIST_KEY_UIApplicationSupportsIndirectInputEvents = YES;
				INFOPLIST_KEY_UILaunchScreen_Generation = YES;
				INFOPLIST_KEY_UISupportedInterfaceOrientations = UIInterfaceOrientationPortrait;
				INFOPLIST_KEY_UISupportedInterfaceOrientations_iPad = "UIInterfaceOrientationLandscapeLeft UIInterfaceOrientationLandscapeRight UIInterfaceOrientationPortrait UIInterfaceOrientationPortraitUpsideDown";
				IPHONEOS_DEPLOYMENT_TARGET = 16.0;
				LD_RUNPATH_SEARCH_PATHS = (
					"$(inherited)",
					"@executable_path/Frameworks",
				);
				MARKETING_VERSION = 1.0;
				PRODUCT_BUNDLE_IDENTIFIER = com.caneragkaya.MalatyaLife;
				PRODUCT_NAME = "$(TARGET_NAME)";
				SUPPORTED_PLATFORMS = "iphoneos iphonesimulator";
				SUPPORTS_MACCATALYST = NO;
				SUPPORTS_MAC_DESIGNED_FOR_IPHONE_IPAD = NO;
				SUPPORTS_XR_DESIGNED_FOR_IPHONE_IPAD = NO;
				SWIFT_EMIT_LOC_STRINGS = YES;
				SWIFT_VERSION = 5.0;
				TARGETED_DEVICE_FAMILY = 1;
			};
			name = Debug;
		};
		F7EAE9862B568F5600A379E5 /* Release */ = {
			isa = XCBuildConfiguration;
			buildSettings = {
				ASSETCATALOG_COMPILER_APPICON_NAME = AppIcon;
				ASSETCATALOG_COMPILER_GLOBAL_ACCENT_COLOR_NAME = AccentColor;
				CODE_SIGN_STYLE = Automatic;
				CURRENT_PROJECT_VERSION = 1;
				DEVELOPMENT_ASSET_PATHS = "\"MalatyaLife/Preview Content\"";
				DEVELOPMENT_TEAM = W566XABWZV;
				ENABLE_PREVIEWS = YES;
				GENERATE_INFOPLIST_FILE = YES;
				INFOPLIST_KEY_CFBundleDisplayName = "Malatya Life";
				INFOPLIST_KEY_LSApplicationCategoryType = "public.app-category.lifestyle";
				INFOPLIST_KEY_UIApplicationSceneManifest_Generation = YES;
				INFOPLIST_KEY_UIApplicationSupportsIndirectInputEvents = YES;
				INFOPLIST_KEY_UILaunchScreen_Generation = YES;
				INFOPLIST_KEY_UISupportedInterfaceOrientations = UIInterfaceOrientationPortrait;
				INFOPLIST_KEY_UISupportedInterfaceOrientations_iPad = "UIInterfaceOrientationLandscapeLeft UIInterfaceOrientationLandscapeRight UIInterfaceOrientationPortrait UIInterfaceOrientationPortraitUpsideDown";
				IPHONEOS_DEPLOYMENT_TARGET = 16.0;
				LD_RUNPATH_SEARCH_PATHS = (
					"$(inherited)",
					"@executable_path/Frameworks",
				);
				MARKETING_VERSION = 1.0;
				PRODUCT_BUNDLE_IDENTIFIER = com.caneragkaya.MalatyaLife;
				PRODUCT_NAME = "$(TARGET_NAME)";
				SUPPORTED_PLATFORMS = "iphoneos iphonesimulator";
				SUPPORTS_MACCATALYST = NO;
				SUPPORTS_MAC_DESIGNED_FOR_IPHONE_IPAD = NO;
				SUPPORTS_XR_DESIGNED_FOR_IPHONE_IPAD = NO;
				SWIFT_EMIT_LOC_STRINGS = YES;
				SWIFT_VERSION = 5.0;
				TARGETED_DEVICE_FAMILY = 1;
			};
			name = Release;
		};
/* End XCBuildConfiguration section */

/* Begin XCConfigurationList section */
		F7EAE9712B568F5500A379E5 /* Build configuration list for PBXProject "MalatyaLife" */ = {
			isa = XCConfigurationList;
			buildConfigurations = (
				F7EAE9822B568F5600A379E5 /* Debug */,
				F7EAE9832B568F5600A379E5 /* Release */,
			);
			defaultConfigurationIsVisible = 0;
			defaultConfigurationName = Release;
		};
		F7EAE9842B568F5600A379E5 /* Build configuration list for PBXNativeTarget "MalatyaLife" */ = {
			isa = XCConfigurationList;
			buildConfigurations = (
				F7EAE9852B568F5600A379E5 /* Debug */,
				F7EAE9862B568F5600A379E5 /* Release */,
			);
			defaultConfigurationIsVisible = 0;
			defaultConfigurationName = Release;
		};
/* End XCConfigurationList section */
	};
	rootObject = F7EAE96E2B568F5500A379E5 /* Project object */;
}
